
Microsoft Visual Studio Solution File, Format Version 12.00
# Visual Studio Version 16
VisualStudioVersion = 16.0.31515.178
MinimumVisualStudioVersion = 10.0.40219.1
Project("{FAE04EC0-301F-11D3-BF4B-00C04F79EFBC}") = "RandomNumberGame", "RandomNumberGame\RandomNumberGame.csproj", "{FD5A17B4-8666-458B-9C40-B62B023EF560}"
EndProject
Global
	GlobalSection(SolutionConfigurationPlatforms) = preSolution
		Debug|Any CPU = Debug|Any CPU
		Release|Any CPU = Release|Any CPU
	EndGlobalSection
	GlobalSection(ProjectConfigurationPlatforms) = postSolution
		{FD5A17B4-8666-458B-9C40-B62B023EF560}.Debug|Any CPU.ActiveCfg = Debug|Any CPU
		{FD5A17B4-8666-458B-9C40-B62B023EF560}.Debug|Any CPU.Build.0 = Debug|Any CPU
		{FD5A17B4-8666-458B-9C40-B62B023EF560}.Release|Any CPU.ActiveCfg = Release|Any CPU
		{FD5A17B4-8666-458B-9C40-B62B023EF560}.Release|Any CPU.Build.0 = Release|Any CPU
	EndGlobalSection
	GlobalSection(SolutionProperties) = preSolution
		HideSolutionNode = FALSE
	EndGlobalSection
	GlobalSection(ExtensibilityGlobals) = postSolution
		SolutionGuid = {8736F092-9FA0-4BB5-B94C-1B4A3BFE3F82}
	EndGlobalSection
EndGlobal
